
Microsoft Visual Studio Solution File, Format Version 12.00
# Visual Studio for Mac
Project("{FAE04EC0-301F-11D3-BF4B-00C04F79EFBC}") = "Assembly-CSharp", "Assembly-CSharp.csproj", "{B16D208D-9453-92FA-F6A3-9C4C1C9ECEE8}"
EndProject
Project("{FAE04EC0-301F-11D3-BF4B-00C04F79EFBC}") = "Assembly-CSharp-Editor", "Assembly-CSharp-Editor.csproj", "{913B5ED0-53B3-21C4-763E-85F20BEA6CA8}"
EndProject
Global
	GlobalSection(SolutionConfigurationPlatforms) = preSolution
		Debug|Any CPU = Debug|Any CPU
		Release|Any CPU = Release|Any CPU
	EndGlobalSection
	GlobalSection(ProjectConfigurationPlatforms) = postSolution
		{B16D208D-9453-92FA-F6A3-9C4C1C9ECEE8}.Debug|Any CPU.ActiveCfg = Debug|Any CPU
		{B16D208D-9453-92FA-F6A3-9C4C1C9ECEE8}.Debug|Any CPU.Build.0 = Debug|Any CPU
		{B16D208D-9453-92FA-F6A3-9C4C1C9ECEE8}.Release|Any CPU.ActiveCfg = Release|Any CPU
		{B16D208D-9453-92FA-F6A3-9C4C1C9ECEE8}.Release|Any CPU.Build.0 = Release|Any CPU
		{913B5ED0-53B3-21C4-763E-85F20BEA6CA8}.Debug|Any CPU.ActiveCfg = Debug|Any CPU
		{913B5ED0-53B3-21C4-763E-85F20BEA6CA8}.Debug|Any CPU.Build.0 = Debug|Any CPU
		{913B5ED0-53B3-21C4-763E-85F20BEA6CA8}.Release|Any CPU.ActiveCfg = Release|Any CPU
		{913B5ED0-53B3-21C4-763E-85F20BEA6CA8}.Release|Any CPU.Build.0 = Release|Any CPU
	EndGlobalSection
	GlobalSection(SolutionProperties) = preSolution
		HideSolutionNode = FALSE
	EndGlobalSection
EndGlobal
