
Microsoft Visual Studio Solution File, Format Version 11.00
# Visual Studio 2010
Project("{FAE04EC0-301F-11D3-BF4B-00C04F79EFBC}") = "Assembly-CSharp", "Assembly-CSharp.csproj", "{F6B736E8-7863-9378-0726-EDEB164CCD34}"
EndProject
Project("{FAE04EC0-301F-11D3-BF4B-00C04F79EFBC}") = "Assembly-CSharp-Editor", "Assembly-CSharp-Editor.csproj", "{40B4146B-CABB-26D7-0760-805CFA9EF880}"
EndProject
Global
	GlobalSection(SolutionConfigurationPlatforms) = preSolution
		Debug|Any CPU = Debug|Any CPU
		Release|Any CPU = Release|Any CPU
	EndGlobalSection
	GlobalSection(ProjectConfigurationPlatforms) = postSolution
		{F6B736E8-7863-9378-0726-EDEB164CCD34}.Debug|Any CPU.ActiveCfg = Debug|Any CPU
		{F6B736E8-7863-9378-0726-EDEB164CCD34}.Debug|Any CPU.Build.0 = Debug|Any CPU
		{F6B736E8-7863-9378-0726-EDEB164CCD34}.Release|Any CPU.ActiveCfg = Release|Any CPU
		{F6B736E8-7863-9378-0726-EDEB164CCD34}.Release|Any CPU.Build.0 = Release|Any CPU
		{40B4146B-CABB-26D7-0760-805CFA9EF880}.Debug|Any CPU.ActiveCfg = Debug|Any CPU
		{40B4146B-CABB-26D7-0760-805CFA9EF880}.Debug|Any CPU.Build.0 = Debug|Any CPU
		{40B4146B-CABB-26D7-0760-805CFA9EF880}.Release|Any CPU.ActiveCfg = Release|Any CPU
		{40B4146B-CABB-26D7-0760-805CFA9EF880}.Release|Any CPU.Build.0 = Release|Any CPU
	EndGlobalSection
	GlobalSection(SolutionProperties) = preSolution
		HideSolutionNode = FALSE
	EndGlobalSection
	GlobalSection(MonoDevelopProperties) = preSolution
		StartupItem = Assembly-CSharp.csproj
	EndGlobalSection
EndGlobal
